
Microsoft Visual Studio Solution File, Format Version 12.00
# Visual Studio 15
VisualStudioVersion = 15.0.27703.2000
MinimumVisualStudioVersion = 10.0.40219.1
Project("{FAE04EC0-301F-11D3-BF4B-00C04F79EFBC}") = "EntityFrame", "EntityFrame\EntityFrame.csproj", "{DC1C1251-4654-462C-AA16-46DBA6FE064A}"
EndProject
Global
	GlobalSection(SolutionConfigurationPlatforms) = preSolution
		Debug|Any CPU = Debug|Any CPU
		Release|Any CPU = Release|Any CPU
	EndGlobalSection
	GlobalSection(ProjectConfigurationPlatforms) = postSolution
		{DC1C1251-4654-462C-AA16-46DBA6FE064A}.Debug|Any CPU.ActiveCfg = Debug|Any CPU
		{DC1C1251-4654-462C-AA16-46DBA6FE064A}.Debug|Any CPU.Build.0 = Debug|Any CPU
		{DC1C1251-4654-462C-AA16-46DBA6FE064A}.Release|Any CPU.ActiveCfg = Release|Any CPU
		{DC1C1251-4654-462C-AA16-46DBA6FE064A}.Release|Any CPU.Build.0 = Release|Any CPU
	EndGlobalSection
	GlobalSection(SolutionProperties) = preSolution
		HideSolutionNode = FALSE
	EndGlobalSection
	GlobalSection(ExtensibilityGlobals) = postSolution
		SolutionGuid = {CD65BBE2-51E1-4BFF-8481-2574C45D5F11}
	EndGlobalSection
EndGlobal
